// !$*UTF8*$!
{
	archiveVersion = 1;
	classes = {
	};
	objectVersion = 46;
	objects = {

/* Begin PBXBuildFile section */
		3FAEA6101DE73DC200B7959C /* AppDelegate.swift in Sources */ = {isa = PBXBuildFile; fileRef = 3FAEA60F1DE73DC200B7959C /* AppDelegate.swift */; };
		3FAEA6121DE73DC200B7959C /* ViewController.swift in Sources */ = {isa = PBXBuildFile; fileRef = 3FAEA6111DE73DC200B7959C /* ViewController.swift */; };
		3FAEA6151DE73DC200B7959C /* Main.storyboard in Resources */ = {isa = PBXBuildFile; fileRef = 3FAEA6131DE73DC200B7959C /* Main.storyboard */; };
		3FAEA6171DE73DC200B7959C /* Assets.xcassets in Resources */ = {isa = PBXBuildFile; fileRef = 3FAEA6161DE73DC200B7959C /* Assets.xcassets */; };
		3FAEA61A1DE73DC200B7959C /* LaunchScreen.storyboard in Resources */ = {isa = PBXBuildFile; fileRef = 3FAEA6181DE73DC200B7959C /* LaunchScreen.storyboard */; };
/* End PBXBuildFile section */

/* Begin PBXFileReference section */
		3FAEA60C1DE73DC200B7959C /* AnAppropriateName.app */ = {isa = PBXFileReference; explicitFileType = wrapper.application; includeInIndex = 0; path = AnAppropriateName.app; sourceTree = BUILT_PRODUCTS_DIR; };
		3FAEA60F1DE73DC200B7959C /* AppDelegate.swift */ = {isa = PBXFileReference; lastKnownFileType = sourcecode.swift; path = AppDelegate.swift; sourceTree = "<group>"; };
		3FAEA6111DE73DC200B7959C /* ViewController.swift */ = {isa = PBXFileReference; lastKnownFileType = sourcecode.swift; path = ViewController.swift; sourceTree = "<group>"; };
		3FAEA6141DE73DC200B7959C /* Base */ = {isa = PBXFileReference; lastKnownFileType = file.storyboard; name = Base; path = Base.lproj/Main.storyboard; sourceTree = "<group>"; };
		3FAEA6161DE73DC200B7959C /* Assets.xcassets */ = {isa = PBXFileReference; lastKnownFileType = folder.assetcatalog; path = Assets.xcassets; sourceTree = "<group>"; };
		3FAEA6191DE73DC200B7959C /* Base */ = {isa = PBXFileReference; lastKnownFileType = file.storyboard; name = Base; path = Base.lproj/LaunchScreen.storyboard; sourceTree = "<group>"; };
		3FAEA61B1DE73DC200B7959C /* Info.plist */ = {isa = PBXFileReference; lastKnownFileType = text.plist.xml; path = Info.plist; sourceTree = "<group>"; };
/* End PBXFileReference section */

/* Begin PBXFrameworksBuildPhase section */
		3FAEA6091DE73DC100B7959C /* Frameworks */ = {
			isa = PBXFrameworksBuildPhase;
			buildActionMask = 2147483647;
			files = (
			);
			runOnlyForDeploymentPostprocessing = 0;
		};
/* End PBXFrameworksBuildPhase section */

/* Begin PBXGroup section */
		3FAEA6031DE73DC100B7959C = {
			isa = PBXGroup;
			children = (
				3FAEA60E1DE73DC200B7959C /* AnAppropriateName */,
				3FAEA60D1DE73DC200B7959C /* Products */,
			);
			sourceTree = "<group>";
		};
		3FAEA60D1DE73DC200B7959C /* Products */ = {
			isa = PBXGroup;
			children = (
				3FAEA60C1DE73DC200B7959C /* AnAppropriateName.app */,
			);
			name = Products;
			sourceTree = "<group>";
		};
		3FAEA60E1DE73DC200B7959C /* AnAppropriateName */ = {
			isa = PBXGroup;
			children = (
				3FAEA60F1DE73DC200B7959C /* AppDelegate.swift */,
				3FAEA6111DE73DC200B7959C /* ViewController.swift */,
				3FAEA6131DE73DC200B7959C /* Main.storyboard */,
				3FAEA6161DE73DC200B7959C /* Assets.xcassets */,
				3FAEA6181DE73DC200B7959C /* LaunchScreen.storyboard */,
				3FAEA61B1DE73DC200B7959C /* Info.plist */,
			);
			path = AnAppropriateName;
			sourceTree = "<group>";
		};
/* End PBXGroup section */

/* Begin PBXNativeTarget section */
		3FAEA60B1DE73DC100B7959C /* AnAppropriateName */ = {
			isa = PBXNativeTarget;
			buildConfigurationList = 3FAEA61E1DE73DC200B7959C /* Build configuration list for PBXNativeTarget "AnAppropriateName" */;
			buildPhases = (
				3FAEA6081DE73DC100B7959C /* Sources */,
				3FAEA6091DE73DC100B7959C /* Frameworks */,
				3FAEA60A1DE73DC100B7959C /* Resources */,
			);
			buildRules = (
			);
			dependencies = (
			);
			name = AnAppropriateName;
			productName = AnAppropriateName;
			productReference = 3FAEA60C1DE73DC200B7959C /* AnAppropriateName.app */;
			productType = "com.apple.product-type.application";
		};
/* End PBXNativeTarget section */

/* Begin PBXProject section */
		3FAEA6041DE73DC100B7959C /* Project object */ = {
			isa = PBXProject;
			attributes = {
				LastSwiftUpdateCheck = 0810;
				LastUpgradeCheck = 0810;
				ORGANIZATIONNAME = Andrew;
				TargetAttributes = {
					3FAEA60B1DE73DC100B7959C = {
						CreatedOnToolsVersion = 8.1;
						ProvisioningStyle = Automatic;
					};
				};
			};
			buildConfigurationList = 3FAEA6071DE73DC100B7959C /* Build configuration list for PBXProject "AnAppropriateName" */;
			compatibilityVersion = "Xcode 3.2";
			developmentRegion = English;
			hasScannedForEncodings = 0;
			knownRegions = (
				en,
				Base,
			);
			mainGroup = 3FAEA6031DE73DC100B7959C;
			productRefGroup = 3FAEA60D1DE73DC200B7959C /* Products */;
			projectDirPath = "";
			projectRoot = "";
			targets = (
				3FAEA60B1DE73DC100B7959C /* AnAppropriateName */,
			);
		};
/* End PBXProject section */

/* Begin PBXResourcesBuildPhase section */
		3FAEA60A1DE73DC100B7959C /* Resources */ = {
			isa = PBXResourcesBuildPhase;
			buildActionMask = 2147483647;
			files = (
				3FAEA61A1DE73DC200B7959C /* LaunchScreen.storyboard in Resources */,
				3FAEA6171DE73DC200B7959C /* Assets.xcassets in Resources */,
				3FAEA6151DE73DC200B7959C /* Main.storyboard in Resources */,
			);
			runOnlyForDeploymentPostprocessing = 0;
		};
/* End PBXResourcesBuildPhase section */

/* Begin PBXSourcesBuildPhase section */
		3FAEA6081DE73DC100B7959C /* Sources */ = {
			isa = PBXSourcesBuildPhase;
			buildActionMask = 2147483647;
			files = (
				3FAEA6121DE73DC200B7959C /* ViewController.swift in Sources */,
				3FAEA6101DE73DC200B7959C /* AppDelegate.swift in Sources */,
			);
			runOnlyForDeploymentPostprocessing = 0;
		};
/* End PBXSourcesBuildPhase section */

/* Begin PBXVariantGroup section */
		3FAEA6131DE73DC200B7959C /* Main.storyboard */ = {
			isa = PBXVariantGroup;
			children = (
				3FAEA6141DE73DC200B7959C /* Base */,
			);
			name = Main.storyboard;
			sourceTree = "<group>";
		};
		3FAEA6181DE73DC200B7959C /* LaunchScreen.storyboard */ = {
			isa = PBXVariantGroup;
			children = (
				3FAEA6191DE73DC200B7959C /* Base */,
			);
			name = LaunchScreen.storyboard;
			sourceTree = "<group>";
		};
/* End PBXVariantGroup section */

/* Begin XCBuildConfiguration section */
		3FAEA61C1DE73DC200B7959C /* Debug */ = {
			isa = XCBuildConfiguration;
			buildSettings = {
				ALWAYS_SEARCH_USER_PATHS = NO;
				CLANG_ANALYZER_NONNULL = YES;
				CLANG_CXX_LANGUAGE_STANDARD = "gnu++0x";
				CLANG_CXX_LIBRARY = "libc++";
				CLANG_ENABLE_MODULES = YES;
				CLANG_ENABLE_OBJC_ARC = YES;
				CLANG_WARN_BOOL_CONVERSION = YES;
				CLANG_WARN_CONSTANT_CONVERSION = YES;
				CLANG_WARN_DIRECT_OBJC_ISA_USAGE = YES_ERROR;
				CLANG_WARN_DOCUMENTATION_COMMENTS = YES;
				CLANG_WARN_EMPTY_BODY = YES;
				CLANG_WARN_ENUM_CONVERSION = YES;
				CLANG_WARN_INFINITE_RECURSION = YES;
				CLANG_WARN_INT_CONVERSION = YES;
				CLANG_WARN_OBJC_ROOT_CLASS = YES_ERROR;
				CLANG_WARN_SUSPICIOUS_MOVES = YES;
				CLANG_WARN_UNREACHABLE_CODE = YES;
				CLANG_WARN__DUPLICATE_METHOD_MATCH = YES;
				"CODE_SIGN_IDENTITY[sdk=iphoneos*]" = "iPhone Developer";
				COPY_PHASE_STRIP = NO;
				DEBUG_INFORMATION_FORMAT = dwarf;
				ENABLE_STRICT_OBJC_MSGSEND = YES;
				ENABLE_TESTABILITY = YES;
				GCC_C_LANGUAGE_STANDARD = gnu99;
				GCC_DYNAMIC_NO_PIC = NO;
				GCC_NO_COMMON_BLOCKS = YES;
				GCC_OPTIMIZATION_LEVEL = 0;
				GCC_PREPROCESSOR_DEFINITIONS = (
					"DEBUG=1",
					"$(inherited)",
				);
				GCC_WARN_64_TO_32_BIT_CONVERSION = YES;
				GCC_WARN_ABOUT_RETURN_TYPE = YES_ERROR;
				GCC_WARN_UNDECLARED_SELECTOR = YES;
				GCC_WARN_UNINITIALIZED_AUTOS = YES_AGGRESSIVE;
				GCC_WARN_UNUSED_FUNCTION = YES;
				GCC_WARN_UNUSED_VARIABLE = YES;
				IPHONEOS_DEPLOYMENT_TARGET = 10.1;
				MTL_ENABLE_DEBUG_INFO = YES;
				ONLY_ACTIVE_ARCH = YES;
				SDKROOT = iphoneos;
				SWIFT_ACTIVE_COMPILATION_CONDITIONS = DEBUG;
				SWIFT_OPTIMIZATION_LEVEL = "-Onone";
			};
			name = Debug;
		};
		3FAEA61D1DE73DC200B7959C /* Release */ = {
			isa = XCBuildConfiguration;
			buildSettings = {
				ALWAYS_SEARCH_USER_PATHS = NO;
				CLANG_ANALYZER_NONNULL = YES;
				CLANG_CXX_LANGUAGE_STANDARD = "gnu++0x";
				CLANG_CXX_LIBRARY = "libc++";
				CLANG_ENABLE_MODULES = YES;
				CLANG_ENABLE_OBJC_ARC = YES;
				CLANG_WARN_BOOL_CONVERSION = YES;
				CLANG_WARN_CONSTANT_CONVERSION = YES;
				CLANG_WARN_DIRECT_OBJC_ISA_USAGE = YES_ERROR;
				CLANG_WARN_DOCUMENTATION_COMMENTS = YES;
				CLANG_WARN_EMPTY_BODY = YES;
				CLANG_WARN_ENUM_CONVERSION = YES;
				CLANG_WARN_INFINITE_RECURSION = YES;
				CLANG_WARN_INT_CONVERSION = YES;
				CLANG_WARN_OBJC_ROOT_CLASS = YES_ERROR;
				CLANG_WARN_SUSPICIOUS_MOVES = YES;
				CLANG_WARN_UNREACHABLE_CODE = YES;
				CLANG_WARN__DUPLICATE_METHOD_MATCH = YES;
				"CODE_SIGN_IDENTITY[sdk=iphoneos*]" = "iPhone Developer";
				COPY_PHASE_STRIP = NO;
				DEBUG_INFORMATION_FORMAT = "dwarf-with-dsym";
				ENABLE_NS_ASSERTIONS = NO;
				ENABLE_STRICT_OBJC_MSGSEND = YES;
				GCC_C_LANGUAGE_STANDARD = gnu99;
				GCC_NO_COMMON_BLOCKS = YES;
				GCC_WARN_64_TO_32_BIT_CONVERSION = YES;
				GCC_WARN_ABOUT_RETURN_TYPE = YES_ERROR;
				GCC_WARN_UNDECLARED_SELECTOR = YES;
				GCC_WARN_UNINITIALIZED_AUTOS = YES_AGGRESSIVE;
				GCC_WARN_UNUSED_FUNCTION = YES;
				GCC_WARN_UNUSED_VARIABLE = YES;
				IPHONEOS_DEPLOYMENT_TARGET = 10.1;
				MTL_ENABLE_DEBUG_INFO = NO;
				SDKROOT = iphoneos;
				SWIFT_OPTIMIZATION_LEVEL = "-Owholemodule";
				VALIDATE_PRODUCT = YES;
			};
			name = Release;
		};
		3FAEA61F1DE73DC200B7959C /* Debug */ = {
			isa = XCBuildConfiguration;
			buildSettings = {
				ASSETCATALOG_COMPILER_APPICON_NAME = AppIcon;
				INFOPLIST_FILE = AnAppropriateName/Info.plist;
				LD_RUNPATH_SEARCH_PATHS = "$(inherited) @executable_path/Frameworks";
				PRODUCT_BUNDLE_IDENTIFIER = ca.on.rsgc.AnAppropriateName;
				PRODUCT_NAME = "$(TARGET_NAME)";
				SWIFT_VERSION = 3.0;
			};
			name = Debug;
		};
		3FAEA6201DE73DC200B7959C /* Release */ = {
			isa = XCBuildConfiguration;
			buildSettings = {
				ASSETCATALOG_COMPILER_APPICON_NAME = AppIcon;
				INFOPLIST_FILE = AnAppropriateName/Info.plist;
				LD_RUNPATH_SEARCH_PATHS = "$(inherited) @executable_path/Frameworks";
				PRODUCT_BUNDLE_IDENTIFIER = ca.on.rsgc.AnAppropriateName;
				PRODUCT_NAME = "$(TARGET_NAME)";
				SWIFT_VERSION = 3.0;
			};
			name = Release;
		};
/* End XCBuildConfiguration section */

/* Begin XCConfigurationList section */
		3FAEA6071DE73DC100B7959C /* Build configuration list for PBXProject "AnAppropriateName" */ = {
			isa = XCConfigurationList;
			buildConfigurations = (
				3FAEA61C1DE73DC200B7959C /* Debug */,
				3FAEA61D1DE73DC200B7959C /* Release */,
			);
			defaultConfigurationIsVisible = 0;
			defaultConfigurationName = Release;
		};
		3FAEA61E1DE73DC200B7959C /* Build configuration list for PBXNativeTarget "AnAppropriateName" */ = {
			isa = XCConfigurationList;
			buildConfigurations = (
				3FAEA61F1DE73DC200B7959C /* Debug */,
				3FAEA6201DE73DC200B7959C /* Release */,
			);
			defaultConfigurationIsVisible = 0;
			defaultConfigurationName = Release;
		};
/* End XCConfigurationList section */
	};
	rootObject = 3FAEA6041DE73DC100B7959C /* Project object */;
}
